{
  "object": {
    "pins": [
      {
        "package": "Alamofire",
        "repositoryURL": "https://github.com/Alamofire/Alamofire.git",
        "state": {
          "branch": null,
          "revision": "f455c2975872ccd2d9c81594c658af65716e9b9a",
          "version": "5.9.1"
        }
      },
      {
        "package": "CryptoSwift",
        "repositoryURL": "https://github.com/krzyzanowskim/CryptoSwift.git",
        "state": {
          "branch": null,
          "revision": "c9c3df6ab812de32bae61fc0cd1bf6d45170ebf0",
          "version": "1.8.2"
        }
      },
      {
        "package": "DeviceKit",
        "repositoryURL": "https://github.com/devicekit/DeviceKit.git",
        "state": {
          "branch": null,
          "revision": "d37e70cb2646666dcf276d7d3d4a9760a41ff8a6",
          "version": "4.9.0"
        }
      },
      {
        "package": "PromiseKit",
        "repositoryURL": "https://github.com/mxcl/PromiseKit.git",
        "state": {
          "branch": null,
          "revision": "8a98e31a47854d3180882c8068cc4d9381bf382d",
          "version": "6.22.1"
        }
      },
      {
        "package": "Reachability",
        "repositoryURL": "https://github.com/ashleymills/Reachability.swift.git",
        "state": {
          "branch": null,
          "revision": "57da4b1270cab7c2228919eabc0e4e1bf93e48ea",
          "version": "5.2.2"
        }
      },
      {
        "package": "SwiftyJSON",
        "repositoryURL": "https://github.com/SwiftyJSON/SwiftyJSON.git",
        "state": {
          "branch": null,
          "revision": "af76cf3ef710b6ca5f8c05f3a31307d44a3c5828",
          "version": "5.0.2"
        }
      }
    ]
  },
  "version": 1
}
